PODS:
  - Capacitor (5.3.0):
    - CapacitorCordova
  - CapacitorCamera (5.0.7):
    - Capacitor
  - CapacitorCordova (5.3.0)
  - KapiziakSudoBridge (0.0.1):
    - Capacitor

DEPENDENCIES:
  - "Capacitor (from `../../node_modules/@capacitor/ios`)"
  - "CapacitorCamera (from `../../node_modules/@capacitor/camera`)"
  - "CapacitorCordova (from `../../node_modules/@capacitor/ios`)"
  - KapiziakSudoBridge (from `../../plugins/sudo-bridge`)

EXTERNAL SOURCES:
  Capacitor:
    :path: "../../node_modules/@capacitor/ios"
  CapacitorCamera:
    :path: "../../node_modules/@capacitor/camera"
  CapacitorCordova:
    :path: "../../node_modules/@capacitor/ios"
  KapiziakSudoBridge:
    :path: "../../plugins/sudo-bridge"

SPEC CHECKSUMS:
  Capacitor: 1ac9165943bc4f2137642d218c5ba05df811de69
  CapacitorCamera: 084b0b228bba7d00587910337b1c89e93b1d32ab
  CapacitorCordova: b9374d68e63ce29e96ab5db994cf14fbefd722c9
  KapiziakSudoBridge: 51623f02b25a799da15b92b6eb9dd19b5da0bee7

PODFILE CHECKSUM: d13bb49e4dc077a2bb4ef7a50dc6475e5b1d4385

COCOAPODS: 1.12.1
